// !$*UTF8*$!
{
	archiveVersion = 1;
	classes = {
	};
	objectVersion = 77;
	objects = {

/* Begin PBXContainerItemProxy section */
		3B946A132CC4EF1600660C2D /* PBXContainerItemProxy */ = {
			isa = PBXContainerItemProxy;
			containerPortal = 3B9469F42CC4EF1500660C2D /* Project object */;
			proxyType = 1;
			remoteGlobalIDString = 3B9469FB2CC4EF1500660C2D;
			remoteInfo = MyTestDemo;
		};
		3B946A1D2CC4EF1600660C2D /* PBXContainerItemProxy */ = {
			isa = PBXContainerItemProxy;
			containerPortal = 3B9469F42CC4EF1500660C2D /* Project object */;
			proxyType = 1;
			remoteGlobalIDString = 3B9469FB2CC4EF1500660C2D;
			remoteInfo = MyTestDemo;
		};
/* End PBXContainerItemProxy section */

/* Begin PBXFileReference section */
		3B9469FC2CC4EF1500660C2D /* MyTestDemo.app */ = {isa = PBXFileReference; explicitFileType = wrapper.application; includeInIndex = 0; path = MyTestDemo.app; sourceTree = BUILT_PRODUCTS_DIR; };
		3B946A122CC4EF1600660C2D /* MyTestDemoTests.xctest */ = {isa = PBXFileReference; explicitFileType = wrapper.cfbundle; includeInIndex = 0; path = MyTestDemoTests.xctest; sourceTree = BUILT_PRODUCTS_DIR; };
		3B946A1C2CC4EF1600660C2D /* MyTestDemoUITests.xctest */ = {isa = PBXFileReference; explicitFileType = wrapper.cfbundle; includeInIndex = 0; path = MyTestDemoUITests.xctest; sourceTree = BUILT_PRODUCTS_DIR; };
/* End PBXFileReference section */

/* Begin PBXFileSystemSynchronizedBuildFileExceptionSet section */
		3B946A242CC4EF1600660C2D /* Exceptions for "MyTestDemo" folder in "MyTestDemo" target */ = {
			isa = PBXFileSystemSynchronizedBuildFileExceptionSet;
			membershipExceptions = (
				Info.plist,
			);
			target = 3B9469FB2CC4EF1500660C2D /* MyTestDemo */;
		};
/* End PBXFileSystemSynchronizedBuildFileExceptionSet section */

/* Begin PBXFileSystemSynchronizedRootGroup section */
		3B9469FE2CC4EF1500660C2D /* MyTestDemo */ = {
			isa = PBXFileSystemSynchronizedRootGroup;
			exceptions = (
				3B946A242CC4EF1600660C2D /* Exceptions for "MyTestDemo" folder in "MyTestDemo" target */,
			);
			path = MyTestDemo;
			sourceTree = "<group>";
		};
		3B946A152CC4EF1600660C2D /* MyTestDemoTests */ = {
			isa = PBXFileSystemSynchronizedRootGroup;
			path = MyTestDemoTests;
			sourceTree = "<group>";
		};
		3B946A1F2CC4EF1600660C2D /* MyTestDemoUITests */ = {
			isa = PBXFileSystemSynchronizedRootGroup;
			path = MyTestDemoUITests;
			sourceTree = "<group>";
		};
/* End PBXFileSystemSynchronizedRootGroup section */

/* Begin PBXFrameworksBuildPhase section */
		3B9469F92CC4EF1500660C2D /* Frameworks */ = {
			isa = PBXFrameworksBuildPhase;
			buildActionMask = 2147483647;
			files = (
			);
			runOnlyForDeploymentPostprocessing = 0;
		};
		3B946A0F2CC4EF1600660C2D /* Frameworks */ = {
			isa = PBXFrameworksBuildPhase;
			buildActionMask = 2147483647;
			files = (
			);
			runOnlyForDeploymentPostprocessing = 0;
		};
		3B946A192CC4EF1600660C2D /* Frameworks */ = {
			isa = PBXFrameworksBuildPhase;
			buildActionMask = 2147483647;
			files = (
			);
			runOnlyForDeploymentPostprocessing = 0;
		};
/* End PBXFrameworksBuildPhase section */

/* Begin PBXGroup section */
		3B9469F32CC4EF1500660C2D = {
			isa = PBXGroup;
			children = (
				3B9469FE2CC4EF1500660C2D /* MyTestDemo */,
				3B946A152CC4EF1600660C2D /* MyTestDemoTests */,
				3B946A1F2CC4EF1600660C2D /* MyTestDemoUITests */,
				3B9469FD2CC4EF1500660C2D /* Products */,
			);
			sourceTree = "<group>";
		};
		3B9469FD2CC4EF1500660C2D /* Products */ = {
			isa = PBXGroup;
			children = (
				3B9469FC2CC4EF1500660C2D /* MyTestDemo.app */,
				3B946A122CC4EF1600660C2D /* MyTestDemoTests.xctest */,
				3B946A1C2CC4EF1600660C2D /* MyTestDemoUITests.xctest */,
			);
			name = Products;
			sourceTree = "<group>";
		};
/* End PBXGroup section */

/* Begin PBXNativeTarget section */
		3B9469FB2CC4EF1500660C2D /* MyTestDemo */ = {
			isa = PBXNativeTarget;
			buildConfigurationList = 3B946A252CC4EF1600660C2D /* Build configuration list for PBXNativeTarget "MyTestDemo" */;
			buildPhases = (
				3B9469F82CC4EF1500660C2D /* Sources */,
				3B9469F92CC4EF1500660C2D /* Frameworks */,
				3B9469FA2CC4EF1500660C2D /* Resources */,
			);
			buildRules = (
			);
			dependencies = (
			);
			fileSystemSynchronizedGroups = (
				3B9469FE2CC4EF1500660C2D /* MyTestDemo */,
			);
			name = MyTestDemo;
			packageProductDependencies = (
			);
			productName = MyTestDemo;
			productReference = 3B9469FC2CC4EF1500660C2D /* MyTestDemo.app */;
			productType = "com.apple.product-type.application";
		};
		3B946A112CC4EF1600660C2D /* MyTestDemoTests */ = {
			isa = PBXNativeTarget;
			buildConfigurationList = 3B946A2A2CC4EF1600660C2D /* Build configuration list for PBXNativeTarget "MyTestDemoTests" */;
			buildPhases = (
				3B946A0E2CC4EF1600660C2D /* Sources */,
				3B946A0F2CC4EF1600660C2D /* Frameworks */,
				3B946A102CC4EF1600660C2D /* Resources */,
			);
			buildRules = (
			);
			dependencies = (
				3B946A142CC4EF1600660C2D /* PBXTargetDependency */,
			);
			fileSystemSynchronizedGroups = (
				3B946A152CC4EF1600660C2D /* MyTestDemoTests */,
			);
			name = MyTestDemoTests;
			packageProductDependencies = (
			);
			productName = MyTestDemoTests;
			productReference = 3B946A122CC4EF1600660C2D /* MyTestDemoTests.xctest */;
			productType = "com.apple.product-type.bundle.unit-test";
		};
		3B946A1B2CC4EF1600660C2D /* MyTestDemoUITests */ = {
			isa = PBXNativeTarget;
			buildConfigurationList = 3B946A2D2CC4EF1600660C2D /* Build configuration list for PBXNativeTarget "MyTestDemoUITests" */;
			buildPhases = (
				3B946A182CC4EF1600660C2D /* Sources */,
				3B946A192CC4EF1600660C2D /* Frameworks */,
				3B946A1A2CC4EF1600660C2D /* Resources */,
			);
			buildRules = (
			);
			dependencies = (
				3B946A1E2CC4EF1600660C2D /* PBXTargetDependency */,
			);
			fileSystemSynchronizedGroups = (
				3B946A1F2CC4EF1600660C2D /* MyTestDemoUITests */,
			);
			name = MyTestDemoUITests;
			packageProductDependencies = (
			);
			productName = MyTestDemoUITests;
			productReference = 3B946A1C2CC4EF1600660C2D /* MyTestDemoUITests.xctest */;
			productType = "com.apple.product-type.bundle.ui-testing";
		};
/* End PBXNativeTarget section */

/* Begin PBXProject section */
		3B9469F42CC4EF1500660C2D /* Project object */ = {
			isa = PBXProject;
			attributes = {
				BuildIndependentTargetsInParallel = 1;
				LastSwiftUpdateCheck = 1600;
				LastUpgradeCheck = 1600;
				TargetAttributes = {
					3B9469FB2CC4EF1500660C2D = {
						CreatedOnToolsVersion = 16.0;
					};
					3B946A112CC4EF1600660C2D = {
						CreatedOnToolsVersion = 16.0;
						TestTargetID = 3B9469FB2CC4EF1500660C2D;
					};
					3B946A1B2CC4EF1600660C2D = {
						CreatedOnToolsVersion = 16.0;
						TestTargetID = 3B9469FB2CC4EF1500660C2D;
					};
				};
			};
			buildConfigurationList = 3B9469F72CC4EF1500660C2D /* Build configuration list for PBXProject "MyTestDemo" */;
			developmentRegion = en;
			hasScannedForEncodings = 0;
			knownRegions = (
				en,
				Base,
			);
			mainGroup = 3B9469F32CC4EF1500660C2D;
			minimizedProjectReferenceProxies = 1;
			preferredProjectObjectVersion = 77;
			productRefGroup = 3B9469FD2CC4EF1500660C2D /* Products */;
			projectDirPath = "";
			projectRoot = "";
			targets = (
				3B9469FB2CC4EF1500660C2D /* MyTestDemo */,
				3B946A112CC4EF1600660C2D /* MyTestDemoTests */,
				3B946A1B2CC4EF1600660C2D /* MyTestDemoUITests */,
			);
		};
/* End PBXProject section */

/* Begin PBXResourcesBuildPhase section */
		3B9469FA2CC4EF1500660C2D /* Resources */ = {
			isa = PBXResourcesBuildPhase;
			buildActionMask = 2147483647;
			files = (
			);
			runOnlyForDeploymentPostprocessing = 0;
		};
		3B946A102CC4EF1600660C2D /* Resources */ = {
			isa = PBXResourcesBuildPhase;
			buildActionMask = 2147483647;
			files = (
			);
			runOnlyForDeploymentPostprocessing = 0;
		};
		3B946A1A2CC4EF1600660C2D /* Resources */ = {
			isa = PBXResourcesBuildPhase;
			buildActionMask = 2147483647;
			files = (
			);
			runOnlyForDeploymentPostprocessing = 0;
		};
/* End PBXResourcesBuildPhase section */

/* Begin PBXSourcesBuildPhase section */
		3B9469F82CC4EF1500660C2D /* Sources */ = {
			isa = PBXSourcesBuildPhase;
			buildActionMask = 2147483647;
			files = (
			);
			runOnlyForDeploymentPostprocessing = 0;
		};
		3B946A0E2CC4EF1600660C2D /* Sources */ = {
			isa = PBXSourcesBuildPhase;
			buildActionMask = 2147483647;
			files = (
			);
			runOnlyForDeploymentPostprocessing = 0;
		};
		3B946A182CC4EF1600660C2D /* Sources */ = {
			isa = PBXSourcesBuildPhase;
			buildActionMask = 2147483647;
			files = (
			);
			runOnlyForDeploymentPostprocessing = 0;
		};
/* End PBXSourcesBuildPhase section */

/* Begin PBXTargetDependency section */
		3B946A142CC4EF1600660C2D /* PBXTargetDependency */ = {
			isa = PBXTargetDependency;
			target = 3B9469FB2CC4EF1500660C2D /* MyTestDemo */;
			targetProxy = 3B946A132CC4EF1600660C2D /* PBXContainerItemProxy */;
		};
		3B946A1E2CC4EF1600660C2D /* PBXTargetDependency */ = {
			isa = PBXTargetDependency;
			target = 3B9469FB2CC4EF1500660C2D /* MyTestDemo */;
			targetProxy = 3B946A1D2CC4EF1600660C2D /* PBXContainerItemProxy */;
		};
/* End PBXTargetDependency section */

/* Begin XCBuildConfiguration section */
		3B946A262CC4EF1600660C2D /* Debug */ = {
			isa = XCBuildConfiguration;
			buildSettings = {
				ASSETCATALOG_COMPILER_APPICON_NAME = AppIcon;
				ASSETCATALOG_COMPILER_GLOBAL_ACCENT_COLOR_NAME = AccentColor;
				CODE_SIGN_STYLE = Automatic;
				CURRENT_PROJECT_VERSION = 1;
				GENERATE_INFOPLIST_FILE = YES;
				INFOPLIST_FILE = MyTestDemo/Info.plist;
				INFOPLIST_KEY_UIApplicationSupportsIndirectInputEvents = YES;
				INFOPLIST_KEY_UILaunchStoryboardName = LaunchScreen;
				INFOPLIST_KEY_UIMainStoryboardFile = Main;
				INFOPLIST_KEY_UISupportedInterfaceOrientations_iPad = "UIInterfaceOrientationPortrait UIInterfaceOrientationPortraitUpsideDown UIInterfaceOrientationLandscapeLeft UIInterfaceOrientationLandscapeRight";
				INFOPLIST_KEY_UISupportedInterfaceOrientations_iPhone = "UIInterfaceOrientationPortrait UIInterfaceOrientationLandscapeLeft UIInterfaceOrientationLandscapeRight";
				LD_RUNPATH_SEARCH_PATHS = (
					"$(inherited)",
					"@executable_path/Frameworks",
				);
				MARKETING_VERSION = 1.0;
				PRODUCT_BUNDLE_IDENTIFIER = com.xe.MyTestDemo;
				PRODUCT_NAME = "$(TARGET_NAME)";
				SWIFT_EMIT_LOC_STRINGS = YES;
				SWIFT_VERSION = 5.0;
				TARGETED_DEVICE_FAMILY = "1,2";
			};
			name = Debug;
		};
		3B946A272CC4EF1600660C2D /* Release */ = {
			isa = XCBuildConfiguration;
			buildSettings = {
				ASSETCATALOG_COMPILER_APPICON_NAME = AppIcon;
				ASSETCATALOG_COMPILER_GLOBAL_ACCENT_COLOR_NAME = AccentColor;
				CODE_SIGN_STYLE = Automatic;
				CURRENT_PROJECT_VERSION = 1;
				GENERATE_INFOPLIST_FILE = YES;
				INFOPLIST_FILE = MyTestDemo/Info.plist;
				INFOPLIST_KEY_UIApplicationSupportsIndirectInputEvents = YES;
				INFOPLIST_KEY_UILaunchStoryboardName = LaunchScreen;
				INFOPLIST_KEY_UIMainStoryboardFile = Main;
				INFOPLIST_KEY_UISupportedInterfaceOrientations_iPad = "UIInterfaceOrientationPortrait UIInterfaceOrientationPortraitUpsideDown UIInterfaceOrientationLandscapeLeft UIInterfaceOrientationLandscapeRight";
				INFOPLIST_KEY_UISupportedInterfaceOrientations_iPhone = "UIInterfaceOrientationPortrait UIInterfaceOrientationLandscapeLeft UIInterfaceOrientationLandscapeRight";
				LD_RUNPATH_SEARCH_PATHS = (
					"$(inherited)",
					"@executable_path/Frameworks",
				);
				MARKETING_VERSION = 1.0;
				PRODUCT_BUNDLE_IDENTIFIER = com.xe.MyTestDemo;
				PRODUCT_NAME = "$(TARGET_NAME)";
				SWIFT_EMIT_LOC_STRINGS = YES;
				SWIFT_VERSION = 5.0;
				TARGETED_DEVICE_FAMILY = "1,2";
			};
			name = Release;
		};
		3B946A282CC4EF1600660C2D /* Debug */ = {
			isa = XCBuildConfiguration;
			buildSettings = {
				ALWAYS_SEARCH_USER_PATHS = NO;
				ASSETCATALOG_COMPILER_GENERATE_SWIFT_ASSET_SYMBOL_EXTENSIONS = YES;
				CLANG_ANALYZER_NONNULL = YES;
				CLANG_ANALYZER_NUMBER_OBJECT_CONVERSION = YES_AGGRESSIVE;
				CLANG_CXX_LANGUAGE_STANDARD = "gnu++20";
				CLANG_ENABLE_MODULES = YES;
				CLANG_ENABLE_OBJC_ARC = YES;
				CLANG_ENABLE_OBJC_WEAK = YES;
				CLANG_WARN_BLOCK_CAPTURE_AUTORELEASING = YES;
				CLANG_WARN_BOOL_CONVERSION = YES;
				CLANG_WARN_COMMA = YES;
				CLANG_WARN_CONSTANT_CONVERSION = YES;
				CLANG_WARN_DEPRECATED_OBJC_IMPLEMENTATIONS = YES;
				CLANG_WARN_DIRECT_OBJC_ISA_USAGE = YES_ERROR;
				CLANG_WARN_DOCUMENTATION_COMMENTS = YES;
				CLANG_WARN_EMPTY_BODY = YES;
				CLANG_WARN_ENUM_CONVERSION = YES;
				CLANG_WARN_INFINITE_RECURSION = YES;
				CLANG_WARN_INT_CONVERSION = YES;
				CLANG_WARN_NON_LITERAL_NULL_CONVERSION = YES;
				CLANG_WARN_OBJC_IMPLICIT_RETAIN_SELF = YES;
				CLANG_WARN_OBJC_LITERAL_CONVERSION = YES;
				CLANG_WARN_OBJC_ROOT_CLASS = YES_ERROR;
				CLANG_WARN_QUOTED_INCLUDE_IN_FRAMEWORK_HEADER = YES;
				CLANG_WARN_RANGE_LOOP_ANALYSIS = YES;
				CLANG_WARN_STRICT_PROTOTYPES = YES;
				CLANG_WARN_SUSPICIOUS_MOVE = YES;
				CLANG_WARN_UNGUARDED_AVAILABILITY = YES_AGGRESSIVE;
				CLANG_WARN_UNREACHABLE_CODE = YES;
				CLANG_WARN__DUPLICATE_METHOD_MATCH = YES;
				COPY_PHASE_STRIP = NO;
				DEBUG_INFORMATION_FORMAT = dwarf;
				ENABLE_STRICT_OBJC_MSGSEND = YES;
				ENABLE_TESTABILITY = YES;
				ENABLE_USER_SCRIPT_SANDBOXING = YES;
				GCC_C_LANGUAGE_STANDARD = gnu17;
				GCC_DYNAMIC_NO_PIC = NO;
				GCC_NO_COMMON_BLOCKS = YES;
				GCC_OPTIMIZATION_LEVEL = 0;
				GCC_PREPROCESSOR_DEFINITIONS = (
					"DEBUG=1",
					"$(inherited)",
				);
				GCC_WARN_64_TO_32_BIT_CONVERSION = YES;
				GCC_WARN_ABOUT_RETURN_TYPE = YES_ERROR;
				GCC_WARN_UNDECLARED_SELECTOR = YES;
				GCC_WARN_UNINITIALIZED_AUTOS = YES_AGGRESSIVE;
				GCC_WARN_UNUSED_FUNCTION = YES;
				GCC_WARN_UNUSED_VARIABLE = YES;
				IPHONEOS_DEPLOYMENT_TARGET = 18.0;
				LOCALIZATION_PREFERS_STRING_CATALOGS = YES;
				MTL_ENABLE_DEBUG_INFO = INCLUDE_SOURCE;
				MTL_FAST_MATH = YES;
				ONLY_ACTIVE_ARCH = YES;
				SDKROOT = iphoneos;
				SWIFT_ACTIVE_COMPILATION_CONDITIONS = "DEBUG $(inherited)";
				SWIFT_OPTIMIZATION_LEVEL = "-Onone";
			};
			name = Debug;
		};
		3B946A292CC4EF1600660C2D /* Release */ = {
			isa = XCBuildConfiguration;
			buildSettings = {
				ALWAYS_SEARCH_USER_PATHS = NO;
				ASSETCATALOG_COMPILER_GENERATE_SWIFT_ASSET_SYMBOL_EXTENSIONS = YES;
				CLANG_ANALYZER_NONNULL = YES;
				CLANG_ANALYZER_NUMBER_OBJECT_CONVERSION = YES_AGGRESSIVE;
				CLANG_CXX_LANGUAGE_STANDARD = "gnu++20";
				CLANG_ENABLE_MODULES = YES;
				CLANG_ENABLE_OBJC_ARC = YES;
				CLANG_ENABLE_OBJC_WEAK = YES;
				CLANG_WARN_BLOCK_CAPTURE_AUTORELEASING = YES;
				CLANG_WARN_BOOL_CONVERSION = YES;
				CLANG_WARN_COMMA = YES;
				CLANG_WARN_CONSTANT_CONVERSION = YES;
				CLANG_WARN_DEPRECATED_OBJC_IMPLEMENTATIONS = YES;
				CLANG_WARN_DIRECT_OBJC_ISA_USAGE = YES_ERROR;
				CLANG_WARN_DOCUMENTATION_COMMENTS = YES;
				CLANG_WARN_EMPTY_BODY = YES;
				CLANG_WARN_ENUM_CONVERSION = YES;
				CLANG_WARN_INFINITE_RECURSION = YES;
				CLANG_WARN_INT_CONVERSION = YES;
				CLANG_WARN_NON_LITERAL_NULL_CONVERSION = YES;
				CLANG_WARN_OBJC_IMPLICIT_RETAIN_SELF = YES;
				CLANG_WARN_OBJC_LITERAL_CONVERSION = YES;
				CLANG_WARN_OBJC_ROOT_CLASS = YES_ERROR;
				CLANG_WARN_QUOTED_INCLUDE_IN_FRAMEWORK_HEADER = YES;
				CLANG_WARN_RANGE_LOOP_ANALYSIS = YES;
				CLANG_WARN_STRICT_PROTOTYPES = YES;
				CLANG_WARN_SUSPICIOUS_MOVE = YES;
				CLANG_WARN_UNGUARDED_AVAILABILITY = YES_AGGRESSIVE;
				CLANG_WARN_UNREACHABLE_CODE = YES;
				CLANG_WARN__DUPLICATE_METHOD_MATCH = YES;
				COPY_PHASE_STRIP = NO;
				DEBUG_INFORMATION_FORMAT = "dwarf-with-dsym";
				ENABLE_NS_ASSERTIONS = NO;
				ENABLE_STRICT_OBJC_MSGSEND = YES;
				ENABLE_USER_SCRIPT_SANDBOXING = YES;
				GCC_C_LANGUAGE_STANDARD = gnu17;
				GCC_NO_COMMON_BLOCKS = YES;
				GCC_WARN_64_TO_32_BIT_CONVERSION = YES;
				GCC_WARN_ABOUT_RETURN_TYPE = YES_ERROR;
				GCC_WARN_UNDECLARED_SELECTOR = YES;
				GCC_WARN_UNINITIALIZED_AUTOS = YES_AGGRESSIVE;
				GCC_WARN_UNUSED_FUNCTION = YES;
				GCC_WARN_UNUSED_VARIABLE = YES;
				IPHONEOS_DEPLOYMENT_TARGET = 18.0;
				LOCALIZATION_PREFERS_STRING_CATALOGS = YES;
				MTL_ENABLE_DEBUG_INFO = NO;
				MTL_FAST_MATH = YES;
				SDKROOT = iphoneos;
				SWIFT_COMPILATION_MODE = wholemodule;
				VALIDATE_PRODUCT = YES;
			};
			name = Release;
		};
		3B946A2B2CC4EF1600660C2D /* Debug */ = {
			isa = XCBuildConfiguration;
			buildSettings = {
				BUNDLE_LOADER = "$(TEST_HOST)";
				CODE_SIGN_STYLE = Automatic;
				CURRENT_PROJECT_VERSION = 1;
				GENERATE_INFOPLIST_FILE = YES;
				IPHONEOS_DEPLOYMENT_TARGET = 18.0;
				MARKETING_VERSION = 1.0;
				PRODUCT_BUNDLE_IDENTIFIER = com.xe.MyTestDemoTests;
				PRODUCT_NAME = "$(TARGET_NAME)";
				SWIFT_EMIT_LOC_STRINGS = NO;
				SWIFT_VERSION = 5.0;
				TARGETED_DEVICE_FAMILY = "1,2";
				TEST_HOST = "$(BUILT_PRODUCTS_DIR)/MyTestDemo.app/$(BUNDLE_EXECUTABLE_FOLDER_PATH)/MyTestDemo";
			};
			name = Debug;
		};
		3B946A2C2CC4EF1600660C2D /* Release */ = {
			isa = XCBuildConfiguration;
			buildSettings = {
				BUNDLE_LOADER = "$(TEST_HOST)";
				CODE_SIGN_STYLE = Automatic;
				CURRENT_PROJECT_VERSION = 1;
				GENERATE_INFOPLIST_FILE = YES;
				IPHONEOS_DEPLOYMENT_TARGET = 18.0;
				MARKETING_VERSION = 1.0;
				PRODUCT_BUNDLE_IDENTIFIER = com.xe.MyTestDemoTests;
				PRODUCT_NAME = "$(TARGET_NAME)";
				SWIFT_EMIT_LOC_STRINGS = NO;
				SWIFT_VERSION = 5.0;
				TARGETED_DEVICE_FAMILY = "1,2";
				TEST_HOST = "$(BUILT_PRODUCTS_DIR)/MyTestDemo.app/$(BUNDLE_EXECUTABLE_FOLDER_PATH)/MyTestDemo";
			};
			name = Release;
		};
		3B946A2E2CC4EF1600660C2D /* Debug */ = {
			isa = XCBuildConfiguration;
			buildSettings = {
				CODE_SIGN_STYLE = Automatic;
				CURRENT_PROJECT_VERSION = 1;
				GENERATE_INFOPLIST_FILE = YES;
				MARKETING_VERSION = 1.0;
				PRODUCT_BUNDLE_IDENTIFIER = com.xe.MyTestDemoUITests;
				PRODUCT_NAME = "$(TARGET_NAME)";
				SWIFT_EMIT_LOC_STRINGS = NO;
				SWIFT_VERSION = 5.0;
				TARGETED_DEVICE_FAMILY = "1,2";
				TEST_TARGET_NAME = MyTestDemo;
			};
			name = Debug;
		};
		3B946A2F2CC4EF1600660C2D /* Release */ = {
			isa = XCBuildConfiguration;
			buildSettings = {
				CODE_SIGN_STYLE = Automatic;
				CURRENT_PROJECT_VERSION = 1;
				GENERATE_INFOPLIST_FILE = YES;
				MARKETING_VERSION = 1.0;
				PRODUCT_BUNDLE_IDENTIFIER = com.xe.MyTestDemoUITests;
				PRODUCT_NAME = "$(TARGET_NAME)";
				SWIFT_EMIT_LOC_STRINGS = NO;
				SWIFT_VERSION = 5.0;
				TARGETED_DEVICE_FAMILY = "1,2";
				TEST_TARGET_NAME = MyTestDemo;
			};
			name = Release;
		};
/* End XCBuildConfiguration section */

/* Begin XCConfigurationList section */
		3B9469F72CC4EF1500660C2D /* Build configuration list for PBXProject "MyTestDemo" */ = {
			isa = XCConfigurationList;
			buildConfigurations = (
				3B946A282CC4EF1600660C2D /* Debug */,
				3B946A292CC4EF1600660C2D /* Release */,
			);
			defaultConfigurationIsVisible = 0;
			defaultConfigurationName = Release;
		};
		3B946A252CC4EF1600660C2D /* Build configuration list for PBXNativeTarget "MyTestDemo" */ = {
			isa = XCConfigurationList;
			buildConfigurations = (
				3B946A262CC4EF1600660C2D /* Debug */,
				3B946A272CC4EF1600660C2D /* Release */,
			);
			defaultConfigurationIsVisible = 0;
			defaultConfigurationName = Release;
		};
		3B946A2A2CC4EF1600660C2D /* Build configuration list for PBXNativeTarget "MyTestDemoTests" */ = {
			isa = XCConfigurationList;
			buildConfigurations = (
				3B946A2B2CC4EF1600660C2D /* Debug */,
				3B946A2C2CC4EF1600660C2D /* Release */,
			);
			defaultConfigurationIsVisible = 0;
			defaultConfigurationName = Release;
		};
		3B946A2D2CC4EF1600660C2D /* Build configuration list for PBXNativeTarget "MyTestDemoUITests" */ = {
			isa = XCConfigurationList;
			buildConfigurations = (
				3B946A2E2CC4EF1600660C2D /* Debug */,
				3B946A2F2CC4EF1600660C2D /* Release */,
			);
			defaultConfigurationIsVisible = 0;
			defaultConfigurationName = Release;
		};
/* End XCConfigurationList section */
	};
	rootObject = 3B9469F42CC4EF1500660C2D /* Project object */;
}
